
Microsoft Visual Studio Solution File, Format Version 12.00
# Visual Studio Version 16
VisualStudioVersion = 16.0.29709.97
MinimumVisualStudioVersion = 10.0.40219.1
Project("{FAE04EC0-301F-11D3-BF4B-00C04F79EFBC}") = "Bgworker", "Bgworker\Bgworker.csproj", "{B4849041-DB12-4E18-9E77-4FDA726A9D99}"
EndProject
Global
	GlobalSection(SolutionConfigurationPlatforms) = preSolution
		Debug|Any CPU = Debug|Any CPU
		Release|Any CPU = Release|Any CPU
	EndGlobalSection
	GlobalSection(ProjectConfigurationPlatforms) = postSolution
		{B4849041-DB12-4E18-9E77-4FDA726A9D99}.Debug|Any CPU.ActiveCfg = Debug|Any CPU
		{B4849041-DB12-4E18-9E77-4FDA726A9D99}.Debug|Any CPU.Build.0 = Debug|Any CPU
		{B4849041-DB12-4E18-9E77-4FDA726A9D99}.Release|Any CPU.ActiveCfg = Release|Any CPU
		{B4849041-DB12-4E18-9E77-4FDA726A9D99}.Release|Any CPU.Build.0 = Release|Any CPU
	EndGlobalSection
	GlobalSection(SolutionProperties) = preSolution
		HideSolutionNode = FALSE
	EndGlobalSection
	GlobalSection(ExtensibilityGlobals) = postSolution
		SolutionGuid = {A09CF07D-56B6-4C68-9E27-26422806B6B4}
	EndGlobalSection
EndGlobal
